
Microsoft Visual Studio Solution File, Format Version 12.00
# Visual Studio Version 17
VisualStudioVersion = 17.4.33213.308
MinimumVisualStudioVersion = 10.0.40219.1
Project("{FAE04EC0-301F-11D3-BF4B-00C04F79EFBC}") = "JogoRPG", "JogoRPG.csproj", "{045A6F97-619D-4C4F-B084-E8143F72CCFA}"
EndProject
Global
	GlobalSection(SolutionConfigurationPlatforms) = preSolution
		Debug|Any CPU = Debug|Any CPU
		Release|Any CPU = Release|Any CPU
	EndGlobalSection
	GlobalSection(ProjectConfigurationPlatforms) = postSolution
		{045A6F97-619D-4C4F-B084-E8143F72CCFA}.Debug|Any CPU.ActiveCfg = Debug|Any CPU
		{045A6F97-619D-4C4F-B084-E8143F72CCFA}.Debug|Any CPU.Build.0 = Debug|Any CPU
		{045A6F97-619D-4C4F-B084-E8143F72CCFA}.Release|Any CPU.ActiveCfg = Release|Any CPU
		{045A6F97-619D-4C4F-B084-E8143F72CCFA}.Release|Any CPU.Build.0 = Release|Any CPU
	EndGlobalSection
	GlobalSection(SolutionProperties) = preSolution
		HideSolutionNode = FALSE
	EndGlobalSection
	GlobalSection(ExtensibilityGlobals) = postSolution
		SolutionGuid = {F3FDA0FD-82AA-40E6-9536-4A60F73D5FEA}
	EndGlobalSection
EndGlobal
